
Microsoft Visual Studio Solution File, Format Version 12.00
# Visual Studio Version 17
VisualStudioVersion = 17.9.34607.119
MinimumVisualStudioVersion = 10.0.40219.1
Project("{9A19103F-16F7-4668-BE54-9A1E7A4F7556}") = "T-Reservation", "T-Reservation.csproj", "{AFC818CA-978D-480E-921A-8A24896F8257}"
EndProject
Project("{9A19103F-16F7-4668-BE54-9A1E7A4F7556}") = "T-RESERVATION.AccesoDatos", "..\T-RESERVATION.AccesoDatos\T-RESERVATION.AccesoDatos.csproj", "{E5F51793-189A-4E3A-AAC6-7CDB1D0BE6E9}"
EndProject
Project("{9A19103F-16F7-4668-BE54-9A1E7A4F7556}") = "T-RESERVATION.LogicaNegocio", "..\T-RESERVATION.LogicaNegocio\T-RESERVATION.LogicaNegocio.csproj", "{F18A34E1-6C35-4438-96B1-DD6D904D735C}"
EndProject
Project("{9A19103F-16F7-4668-BE54-9A1E7A4F7556}") = "T-RESERVATION.EntidadesNegocio", "..\T-RESERVATION.EntidadesNegocio\T-RESERVATION.EntidadesNegocio.csproj", "{F3BD7337-362C-4144-B1CC-FEE9703DC465}"
EndProject
Global
	GlobalSection(SolutionConfigurationPlatforms) = preSolution
		Debug|Any CPU = Debug|Any CPU
		Release|Any CPU = Release|Any CPU
	EndGlobalSection
	GlobalSection(ProjectConfigurationPlatforms) = postSolution
		{AFC818CA-978D-480E-921A-8A24896F8257}.Debug|Any CPU.ActiveCfg = Debug|Any CPU
		{AFC818CA-978D-480E-921A-8A24896F8257}.Debug|Any CPU.Build.0 = Debug|Any CPU
		{AFC818CA-978D-480E-921A-8A24896F8257}.Release|Any CPU.ActiveCfg = Release|Any CPU
		{AFC818CA-978D-480E-921A-8A24896F8257}.Release|Any CPU.Build.0 = Release|Any CPU
		{E5F51793-189A-4E3A-AAC6-7CDB1D0BE6E9}.Debug|Any CPU.ActiveCfg = Debug|Any CPU
		{E5F51793-189A-4E3A-AAC6-7CDB1D0BE6E9}.Debug|Any CPU.Build.0 = Debug|Any CPU
		{E5F51793-189A-4E3A-AAC6-7CDB1D0BE6E9}.Release|Any CPU.ActiveCfg = Release|Any CPU
		{E5F51793-189A-4E3A-AAC6-7CDB1D0BE6E9}.Release|Any CPU.Build.0 = Release|Any CPU
		{F18A34E1-6C35-4438-96B1-DD6D904D735C}.Debug|Any CPU.ActiveCfg = Debug|Any CPU
		{F18A34E1-6C35-4438-96B1-DD6D904D735C}.Debug|Any CPU.Build.0 = Debug|Any CPU
		{F18A34E1-6C35-4438-96B1-DD6D904D735C}.Release|Any CPU.ActiveCfg = Release|Any CPU
		{F18A34E1-6C35-4438-96B1-DD6D904D735C}.Release|Any CPU.Build.0 = Release|Any CPU
		{F3BD7337-362C-4144-B1CC-FEE9703DC465}.Debug|Any CPU.ActiveCfg = Debug|Any CPU
		{F3BD7337-362C-4144-B1CC-FEE9703DC465}.Debug|Any CPU.Build.0 = Debug|Any CPU
		{F3BD7337-362C-4144-B1CC-FEE9703DC465}.Release|Any CPU.ActiveCfg = Release|Any CPU
		{F3BD7337-362C-4144-B1CC-FEE9703DC465}.Release|Any CPU.Build.0 = Release|Any CPU
	EndGlobalSection
	GlobalSection(SolutionProperties) = preSolution
		HideSolutionNode = FALSE
	EndGlobalSection
	GlobalSection(ExtensibilityGlobals) = postSolution
		SolutionGuid = {40D68093-EBD0-46F6-8171-E7762BEFEB7D}
	EndGlobalSection
EndGlobal
